
Microsoft Visual Studio Solution File, Format Version 12.00
# Visual Studio 15
VisualStudioVersion = 15.0.27130.2024
MinimumVisualStudioVersion = 10.0.40219.1
Project("{FAE04EC0-301F-11D3-BF4B-00C04F79EFBC}") = "Splendor", "Splendor\Splendor.csproj", "{87BC5FA9-A2A1-465A-A410-DEA7A563EA9B}"
EndProject
Project("{FAE04EC0-301F-11D3-BF4B-00C04F79EFBC}") = "Splendor.Engine", "Splendor.Engine\Splendor.Engine.csproj", "{E7E23769-E516-436F-A3E0-99A427279798}"
EndProject
Global
	GlobalSection(SolutionConfigurationPlatforms) = preSolution
		Debug|Any CPU = Debug|Any CPU
		Release|Any CPU = Release|Any CPU
	EndGlobalSection
	GlobalSection(ProjectConfigurationPlatforms) = postSolution
		{87BC5FA9-A2A1-465A-A410-DEA7A563EA9B}.Debug|Any CPU.ActiveCfg = Debug|Any CPU
		{87BC5FA9-A2A1-465A-A410-DEA7A563EA9B}.Debug|Any CPU.Build.0 = Debug|Any CPU
		{87BC5FA9-A2A1-465A-A410-DEA7A563EA9B}.Release|Any CPU.ActiveCfg = Release|Any CPU
		{87BC5FA9-A2A1-465A-A410-DEA7A563EA9B}.Release|Any CPU.Build.0 = Release|Any CPU
		{E7E23769-E516-436F-A3E0-99A427279798}.Debug|Any CPU.ActiveCfg = Debug|Any CPU
		{E7E23769-E516-436F-A3E0-99A427279798}.Debug|Any CPU.Build.0 = Debug|Any CPU
		{E7E23769-E516-436F-A3E0-99A427279798}.Release|Any CPU.ActiveCfg = Release|Any CPU
		{E7E23769-E516-436F-A3E0-99A427279798}.Release|Any CPU.Build.0 = Release|Any CPU
	EndGlobalSection
	GlobalSection(SolutionProperties) = preSolution
		HideSolutionNode = FALSE
	EndGlobalSection
	GlobalSection(ExtensibilityGlobals) = postSolution
		SolutionGuid = {AC6BD14C-45E3-4941-BA41-04F3AEDC8686}
	EndGlobalSection
EndGlobal
